
Microsoft Visual Studio Solution File, Format Version 12.00
# Visual Studio Version 17
VisualStudioVersion = 17.11.35312.102
MinimumVisualStudioVersion = 10.0.40219.1
Project("{FAE04EC0-301F-11D3-BF4B-00C04F79EFBC}") = "01_Mainsubjects", "01_Mainsubjects\01_Mainsubjects.csproj", "{103C54FD-8B26-4E2F-A453-9ABEA7E16073}"
EndProject
Project("{FAE04EC0-301F-11D3-BF4B-00C04F79EFBC}") = "02_Veriables", "02_Veriables\02_Veriables.csproj", "{2F881B47-CC08-4610-BCA6-DADDA081079B}"
EndProject
Project("{FAE04EC0-301F-11D3-BF4B-00C04F79EFBC}") = "03_MakingDesicion", "03_MakingDesicion\03_MakingDesicion.csproj", "{B05498A3-595B-449A-B145-D88126A29B4F}"
EndProject
Project("{FAE04EC0-301F-11D3-BF4B-00C04F79EFBC}") = "04_Loops", "04_Loops\04_Loops.csproj", "{28387C92-A174-4380-A1B9-C92CB8A98328}"
EndProject
Project("{FAE04EC0-301F-11D3-BF4B-00C04F79EFBC}") = "05_LoopsWithStars", "05_LoopsWithStars\05_LoopsWithStars.csproj", "{3832DA0C-B1EF-474E-9323-F748353A6B1F}"
EndProject
Project("{FAE04EC0-301F-11D3-BF4B-00C04F79EFBC}") = "06_Arrays", "06_Arrays\06_Arrays.csproj", "{83E57346-73AA-4F4F-8693-FAF85398E058}"
EndProject
Project("{FAE04EC0-301F-11D3-BF4B-00C04F79EFBC}") = "07_Foreachloop", "07_Foreachloop\07_Foreachloop.csproj", "{89A4C913-17D4-42E4-A2AE-3356562EFB53}"
EndProject
Project("{FAE04EC0-301F-11D3-BF4B-00C04F79EFBC}") = "08_Methods", "08_Methods\08_Methods.csproj", "{DB362DE4-5312-4C5F-8F0D-7B53ADFE583C}"
EndProject
Global
	GlobalSection(SolutionConfigurationPlatforms) = preSolution
		Debug|Any CPU = Debug|Any CPU
		Release|Any CPU = Release|Any CPU
	EndGlobalSection
	GlobalSection(ProjectConfigurationPlatforms) = postSolution
		{103C54FD-8B26-4E2F-A453-9ABEA7E16073}.Debug|Any CPU.ActiveCfg = Debug|Any CPU
		{103C54FD-8B26-4E2F-A453-9ABEA7E16073}.Debug|Any CPU.Build.0 = Debug|Any CPU
		{103C54FD-8B26-4E2F-A453-9ABEA7E16073}.Release|Any CPU.ActiveCfg = Release|Any CPU
		{103C54FD-8B26-4E2F-A453-9ABEA7E16073}.Release|Any CPU.Build.0 = Release|Any CPU
		{2F881B47-CC08-4610-BCA6-DADDA081079B}.Debug|Any CPU.ActiveCfg = Debug|Any CPU
		{2F881B47-CC08-4610-BCA6-DADDA081079B}.Debug|Any CPU.Build.0 = Debug|Any CPU
		{2F881B47-CC08-4610-BCA6-DADDA081079B}.Release|Any CPU.ActiveCfg = Release|Any CPU
		{2F881B47-CC08-4610-BCA6-DADDA081079B}.Release|Any CPU.Build.0 = Release|Any CPU
		{B05498A3-595B-449A-B145-D88126A29B4F}.Debug|Any CPU.ActiveCfg = Debug|Any CPU
		{B05498A3-595B-449A-B145-D88126A29B4F}.Debug|Any CPU.Build.0 = Debug|Any CPU
		{B05498A3-595B-449A-B145-D88126A29B4F}.Release|Any CPU.ActiveCfg = Release|Any CPU
		{B05498A3-595B-449A-B145-D88126A29B4F}.Release|Any CPU.Build.0 = Release|Any CPU
		{28387C92-A174-4380-A1B9-C92CB8A98328}.Debug|Any CPU.ActiveCfg = Debug|Any CPU
		{28387C92-A174-4380-A1B9-C92CB8A98328}.Debug|Any CPU.Build.0 = Debug|Any CPU
		{28387C92-A174-4380-A1B9-C92CB8A98328}.Release|Any CPU.ActiveCfg = Release|Any CPU
		{28387C92-A174-4380-A1B9-C92CB8A98328}.Release|Any CPU.Build.0 = Release|Any CPU
		{3832DA0C-B1EF-474E-9323-F748353A6B1F}.Debug|Any CPU.ActiveCfg = Debug|Any CPU
		{3832DA0C-B1EF-474E-9323-F748353A6B1F}.Debug|Any CPU.Build.0 = Debug|Any CPU
		{3832DA0C-B1EF-474E-9323-F748353A6B1F}.Release|Any CPU.ActiveCfg = Release|Any CPU
		{3832DA0C-B1EF-474E-9323-F748353A6B1F}.Release|Any CPU.Build.0 = Release|Any CPU
		{83E57346-73AA-4F4F-8693-FAF85398E058}.Debug|Any CPU.ActiveCfg = Debug|Any CPU
		{83E57346-73AA-4F4F-8693-FAF85398E058}.Debug|Any CPU.Build.0 = Debug|Any CPU
		{83E57346-73AA-4F4F-8693-FAF85398E058}.Release|Any CPU.ActiveCfg = Release|Any CPU
		{83E57346-73AA-4F4F-8693-FAF85398E058}.Release|Any CPU.Build.0 = Release|Any CPU
		{89A4C913-17D4-42E4-A2AE-3356562EFB53}.Debug|Any CPU.ActiveCfg = Debug|Any CPU
		{89A4C913-17D4-42E4-A2AE-3356562EFB53}.Debug|Any CPU.Build.0 = Debug|Any CPU
		{89A4C913-17D4-42E4-A2AE-3356562EFB53}.Release|Any CPU.ActiveCfg = Release|Any CPU
		{89A4C913-17D4-42E4-A2AE-3356562EFB53}.Release|Any CPU.Build.0 = Release|Any CPU
		{DB362DE4-5312-4C5F-8F0D-7B53ADFE583C}.Debug|Any CPU.ActiveCfg = Debug|Any CPU
		{DB362DE4-5312-4C5F-8F0D-7B53ADFE583C}.Debug|Any CPU.Build.0 = Debug|Any CPU
		{DB362DE4-5312-4C5F-8F0D-7B53ADFE583C}.Release|Any CPU.ActiveCfg = Release|Any CPU
		{DB362DE4-5312-4C5F-8F0D-7B53ADFE583C}.Release|Any CPU.Build.0 = Release|Any CPU
	EndGlobalSection
	GlobalSection(SolutionProperties) = preSolution
		HideSolutionNode = FALSE
	EndGlobalSection
	GlobalSection(ExtensibilityGlobals) = postSolution
		SolutionGuid = {FAD97A54-7C8F-490F-951B-78A7E31F956A}
	EndGlobalSection
EndGlobal
