
Microsoft Visual Studio Solution File, Format Version 12.00
# Visual Studio Version 17
VisualStudioVersion = 17.11.35312.102
MinimumVisualStudioVersion = 10.0.40219.1
Project("{FAE04EC0-301F-11D3-BF4B-00C04F79EFBC}") = "01_Mainsubjects", "01_Mainsubjects\01_Mainsubjects.csproj", "{103C54FD-8B26-4E2F-A453-9ABEA7E16073}"
EndProject
Project("{FAE04EC0-301F-11D3-BF4B-00C04F79EFBC}") = "02_Veriables", "02_Veriables\02_Veriables.csproj", "{2F881B47-CC08-4610-BCA6-DADDA081079B}"
EndProject
Global
	GlobalSection(SolutionConfigurationPlatforms) = preSolution
		Debug|Any CPU = Debug|Any CPU
		Release|Any CPU = Release|Any CPU
	EndGlobalSection
	GlobalSection(ProjectConfigurationPlatforms) = postSolution
		{103C54FD-8B26-4E2F-A453-9ABEA7E16073}.Debug|Any CPU.ActiveCfg = Debug|Any CPU
		{103C54FD-8B26-4E2F-A453-9ABEA7E16073}.Debug|Any CPU.Build.0 = Debug|Any CPU
		{103C54FD-8B26-4E2F-A453-9ABEA7E16073}.Release|Any CPU.ActiveCfg = Release|Any CPU
		{103C54FD-8B26-4E2F-A453-9ABEA7E16073}.Release|Any CPU.Build.0 = Release|Any CPU
		{2F881B47-CC08-4610-BCA6-DADDA081079B}.Debug|Any CPU.ActiveCfg = Debug|Any CPU
		{2F881B47-CC08-4610-BCA6-DADDA081079B}.Debug|Any CPU.Build.0 = Debug|Any CPU
		{2F881B47-CC08-4610-BCA6-DADDA081079B}.Release|Any CPU.ActiveCfg = Release|Any CPU
		{2F881B47-CC08-4610-BCA6-DADDA081079B}.Release|Any CPU.Build.0 = Release|Any CPU
	EndGlobalSection
	GlobalSection(SolutionProperties) = preSolution
		HideSolutionNode = FALSE
	EndGlobalSection
	GlobalSection(ExtensibilityGlobals) = postSolution
		SolutionGuid = {FAD97A54-7C8F-490F-951B-78A7E31F956A}
	EndGlobalSection
EndGlobal
